# This file is automatically @generated by Cargo.
# It is not intended for manual editing.
[[package]]
name = "converter"
version = "0.1.0"
dependencies = [
 "read_input 0.8.2 (registry+https://github.com/rust-lang/crates.io-index)",
]

[[package]]
name = "my_library"
version = "0.1.0"
dependencies = [
 "converter 0.1.0",
]

[[package]]
name = "read_input"
version = "0.8.2"
source = "registry+https://github.com/rust-lang/crates.io-index"

[metadata]
"checksum read_input 0.8.2 (registry+https://github.com/rust-lang/crates.io-index)" = "1308685bb30979afe84cb16e490441918abd8c2127efab661d243ec94ee81e7e"
